
Microsoft Visual Studio Solution File, Format Version 12.00
# Visual Studio Version 16
VisualStudioVersion = 16.0.29215.179
MinimumVisualStudioVersion = 10.0.40219.1
Project("{FAE04EC0-301F-11D3-BF4B-00C04F79EFBC}") = "EmplApp", "EmplApp\EmplApp.csproj", "{B66D3166-9FBE-4D6B-808A-D5496E557F1D}"
EndProject
Project("{FAE04EC0-301F-11D3-BF4B-00C04F79EFBC}") = "UnitTestProject1", "UnitTestProject1\UnitTestProject1.csproj", "{BEE7D8E3-C4F9-4096-A5B7-026C758F8357}"
EndProject
Global
	GlobalSection(SolutionConfigurationPlatforms) = preSolution
		Debug|Any CPU = Debug|Any CPU
		Release|Any CPU = Release|Any CPU
	EndGlobalSection
	GlobalSection(ProjectConfigurationPlatforms) = postSolution
		{B66D3166-9FBE-4D6B-808A-D5496E557F1D}.Debug|Any CPU.ActiveCfg = Debug|Any CPU
		{B66D3166-9FBE-4D6B-808A-D5496E557F1D}.Debug|Any CPU.Build.0 = Debug|Any CPU
		{B66D3166-9FBE-4D6B-808A-D5496E557F1D}.Release|Any CPU.ActiveCfg = Release|Any CPU
		{B66D3166-9FBE-4D6B-808A-D5496E557F1D}.Release|Any CPU.Build.0 = Release|Any CPU
		{BEE7D8E3-C4F9-4096-A5B7-026C758F8357}.Debug|Any CPU.ActiveCfg = Debug|Any CPU
		{BEE7D8E3-C4F9-4096-A5B7-026C758F8357}.Debug|Any CPU.Build.0 = Debug|Any CPU
		{BEE7D8E3-C4F9-4096-A5B7-026C758F8357}.Release|Any CPU.ActiveCfg = Release|Any CPU
		{BEE7D8E3-C4F9-4096-A5B7-026C758F8357}.Release|Any CPU.Build.0 = Release|Any CPU
	EndGlobalSection
	GlobalSection(SolutionProperties) = preSolution
		HideSolutionNode = FALSE
	EndGlobalSection
	GlobalSection(ExtensibilityGlobals) = postSolution
		SolutionGuid = {21F3C5C1-E639-4679-B372-3DE11A65876F}
	EndGlobalSection
EndGlobal
